
Microsoft Visual Studio Solution File, Format Version 12.00
# Visual Studio 2013
VisualStudioVersion = 12.0.31101.0
MinimumVisualStudioVersion = 10.0.40219.1
Project("{FAE04EC0-301F-11D3-BF4B-00C04F79EFBC}") = "WorkShop", "WorkShop\WorkShop.csproj", "{D2D94088-9BFB-4171-B7EA-083772ABC6DB}"
EndProject
Project("{FAE04EC0-301F-11D3-BF4B-00C04F79EFBC}") = "BizLayer", "BizLayer\BizLayer.csproj", "{58BA3F32-D41D-428F-99C1-77B87EF7BED4}"
EndProject
Project("{FAE04EC0-301F-11D3-BF4B-00C04F79EFBC}") = "DataLayer", "DataLayer\DataLayer.csproj", "{D51E8674-C496-472E-9A41-EE0BD154C069}"
EndProject
Global
	GlobalSection(SolutionConfigurationPlatforms) = preSolution
		Debug|Any CPU = Debug|Any CPU
		Release|Any CPU = Release|Any CPU
	EndGlobalSection
	GlobalSection(ProjectConfigurationPlatforms) = postSolution
		{D2D94088-9BFB-4171-B7EA-083772ABC6DB}.Debug|Any CPU.ActiveCfg = Debug|Any CPU
		{D2D94088-9BFB-4171-B7EA-083772ABC6DB}.Debug|Any CPU.Build.0 = Debug|Any CPU
		{D2D94088-9BFB-4171-B7EA-083772ABC6DB}.Release|Any CPU.ActiveCfg = Release|Any CPU
		{D2D94088-9BFB-4171-B7EA-083772ABC6DB}.Release|Any CPU.Build.0 = Release|Any CPU
		{58BA3F32-D41D-428F-99C1-77B87EF7BED4}.Debug|Any CPU.ActiveCfg = Debug|Any CPU
		{58BA3F32-D41D-428F-99C1-77B87EF7BED4}.Debug|Any CPU.Build.0 = Debug|Any CPU
		{58BA3F32-D41D-428F-99C1-77B87EF7BED4}.Release|Any CPU.ActiveCfg = Release|Any CPU
		{58BA3F32-D41D-428F-99C1-77B87EF7BED4}.Release|Any CPU.Build.0 = Release|Any CPU
		{D51E8674-C496-472E-9A41-EE0BD154C069}.Debug|Any CPU.ActiveCfg = Debug|Any CPU
		{D51E8674-C496-472E-9A41-EE0BD154C069}.Debug|Any CPU.Build.0 = Debug|Any CPU
		{D51E8674-C496-472E-9A41-EE0BD154C069}.Release|Any CPU.ActiveCfg = Release|Any CPU
		{D51E8674-C496-472E-9A41-EE0BD154C069}.Release|Any CPU.Build.0 = Release|Any CPU
	EndGlobalSection
	GlobalSection(SolutionProperties) = preSolution
		HideSolutionNode = FALSE
	EndGlobalSection
EndGlobal
